
Microsoft Visual Studio Solution File, Format Version 12.00
# Visual Studio Version 17
VisualStudioVersion = 17.0.31903.59
MinimumVisualStudioVersion = 10.0.40219.1
Project("{FAE04EC0-301F-11D3-BF4B-00C04F79EFBC}") = "DatingApp.Data", "DatingApp.Data\DatingApp.Data.csproj", "{470B7DEE-9138-4F9D-9447-D367C610166A}"
EndProject
Project("{FAE04EC0-301F-11D3-BF4B-00C04F79EFBC}") = "DatingApp.Domain", "DatingApp.Domain\DatingApp.Domain.csproj", "{EBFA5963-B30E-4D61-A143-BCE91901B4A1}"
EndProject
Project("{FAE04EC0-301F-11D3-BF4B-00C04F79EFBC}") = "DatingApp.WebApi", "DatingApp.WebApi\DatingApp.WebApi.csproj", "{D8AF913B-B214-4F17-B1E1-9D58980EA14E}"
EndProject
Global
	GlobalSection(SolutionConfigurationPlatforms) = preSolution
		Debug|Any CPU = Debug|Any CPU
		Release|Any CPU = Release|Any CPU
	EndGlobalSection
	GlobalSection(SolutionProperties) = preSolution
		HideSolutionNode = FALSE
	EndGlobalSection
	GlobalSection(ProjectConfigurationPlatforms) = postSolution
		{470B7DEE-9138-4F9D-9447-D367C610166A}.Debug|Any CPU.ActiveCfg = Debug|Any CPU
		{470B7DEE-9138-4F9D-9447-D367C610166A}.Debug|Any CPU.Build.0 = Debug|Any CPU
		{470B7DEE-9138-4F9D-9447-D367C610166A}.Release|Any CPU.ActiveCfg = Release|Any CPU
		{470B7DEE-9138-4F9D-9447-D367C610166A}.Release|Any CPU.Build.0 = Release|Any CPU
		{EBFA5963-B30E-4D61-A143-BCE91901B4A1}.Debug|Any CPU.ActiveCfg = Debug|Any CPU
		{EBFA5963-B30E-4D61-A143-BCE91901B4A1}.Debug|Any CPU.Build.0 = Debug|Any CPU
		{EBFA5963-B30E-4D61-A143-BCE91901B4A1}.Release|Any CPU.ActiveCfg = Release|Any CPU
		{EBFA5963-B30E-4D61-A143-BCE91901B4A1}.Release|Any CPU.Build.0 = Release|Any CPU
		{D8AF913B-B214-4F17-B1E1-9D58980EA14E}.Debug|Any CPU.ActiveCfg = Debug|Any CPU
		{D8AF913B-B214-4F17-B1E1-9D58980EA14E}.Debug|Any CPU.Build.0 = Debug|Any CPU
		{D8AF913B-B214-4F17-B1E1-9D58980EA14E}.Release|Any CPU.ActiveCfg = Release|Any CPU
		{D8AF913B-B214-4F17-B1E1-9D58980EA14E}.Release|Any CPU.Build.0 = Release|Any CPU
	EndGlobalSection
EndGlobal
